# THIS IS AN AUTOGENERATED FILE. DO NOT EDIT THIS FILE DIRECTLY.
# yarn lockfile v1


"@next/env@13.1.6":
  version "13.1.6"
  resolved "https://registry.npmjs.org/@next/env/-/env-13.1.6.tgz"
  integrity sha512-s+W9Fdqh5MFk6ECrbnVmmAOwxKQuhGMT7xXHrkYIBMBcTiOqNWhv5KbJIboKR5STXxNXl32hllnvKaffzFaWQg==

"@next/font@13.1.6":
  version "13.1.6"
  resolved "https://registry.npmjs.org/@next/font/-/font-13.1.6.tgz"
  integrity sha512-AITjmeb1RgX1HKMCiA39ztx2mxeAyxl4ljv2UoSBUGAbFFMg8MO7YAvjHCgFhD39hL7YTbFjol04e/BPBH5RzQ==

"@next/swc-android-arm-eabi@13.1.6":
  version "13.1.6"
  resolved "https://registry.yarnpkg.com/@next/swc-android-arm-eabi/-/swc-android-arm-eabi-13.1.6.tgz#d766dfc10e27814d947b20f052067c239913dbcc"
  integrity sha512-F3/6Z8LH/pGlPzR1AcjPFxx35mPqjE5xZcf+IL+KgbW9tMkp7CYi1y7qKrEWU7W4AumxX/8OINnDQWLiwLasLQ==

"@next/swc-android-arm64@13.1.6":
  version "13.1.6"
  resolved "https://registry.yarnpkg.com/@next/swc-android-arm64/-/swc-android-arm64-13.1.6.tgz#f37a98d5f18927d8c9970d750d516ac779465176"
  integrity sha512-cMwQjnB8vrYkWyK/H0Rf2c2pKIH4RGjpKUDvbjVAit6SbwPDpmaijLio0LWFV3/tOnY6kvzbL62lndVA0mkYpw==

"@next/swc-darwin-arm64@13.1.6":
  version "13.1.6"
  resolved "https://registry.npmjs.org/@next/swc-darwin-arm64/-/swc-darwin-arm64-13.1.6.tgz"
  integrity sha512-KKRQH4DDE4kONXCvFMNBZGDb499Hs+xcFAwvj+rfSUssIDrZOlyfJNy55rH5t2Qxed1e4K80KEJgsxKQN1/fyw==

"@next/swc-darwin-x64@13.1.6":
  version "13.1.6"
  resolved "https://registry.yarnpkg.com/@next/swc-darwin-x64/-/swc-darwin-x64-13.1.6.tgz#e869ac75d16995eee733a7d1550322d9051c1eb4"
  integrity sha512-/uOky5PaZDoaU99ohjtNcDTJ6ks/gZ5ykTQDvNZDjIoCxFe3+t06bxsTPY6tAO6uEAw5f6vVFX5H5KLwhrkZCA==

"@next/swc-freebsd-x64@13.1.6":
  version "13.1.6"
  resolved "https://registry.yarnpkg.com/@next/swc-freebsd-x64/-/swc-freebsd-x64-13.1.6.tgz#84a7b2e423a2904afc2edca21c2f1ba6b53fa4c1"
  integrity sha512-qaEALZeV7to6weSXk3Br80wtFQ7cFTpos/q+m9XVRFggu+8Ib895XhMWdJBzew6aaOcMvYR6KQ6JmHA2/eMzWw==

"@next/swc-linux-arm-gnueabihf@13.1.6":
  version "13.1.6"
  resolved "https://registry.yarnpkg.com/@next/swc-linux-arm-gnueabihf/-/swc-linux-arm-gnueabihf-13.1.6.tgz#980eed1f655ff8a72187d8a6ef9e73ac39d20d23"
  integrity sha512-OybkbC58A1wJ+JrJSOjGDvZzrVEQA4sprJejGqMwiZyLqhr9Eo8FXF0y6HL+m1CPCpPhXEHz/2xKoYsl16kNqw==

"@next/swc-linux-arm64-gnu@13.1.6":
  version "13.1.6"
  resolved "https://registry.yarnpkg.com/@next/swc-linux-arm64-gnu/-/swc-linux-arm64-gnu-13.1.6.tgz#87a71db21cded3f7c63d1d19079845c59813c53d"
  integrity sha512-yCH+yDr7/4FDuWv6+GiYrPI9kcTAO3y48UmaIbrKy8ZJpi7RehJe3vIBRUmLrLaNDH3rY1rwoHi471NvR5J5NQ==

"@next/swc-linux-arm64-musl@13.1.6":
  version "13.1.6"
  resolved "https://registry.yarnpkg.com/@next/swc-linux-arm64-musl/-/swc-linux-arm64-musl-13.1.6.tgz#c5aac8619331b9fd030603bbe2b36052011e11de"
  integrity sha512-ECagB8LGX25P9Mrmlc7Q/TQBb9rGScxHbv/kLqqIWs2fIXy6Y/EiBBiM72NTwuXUFCNrWR4sjUPSooVBJJ3ESQ==

"@next/swc-linux-x64-gnu@13.1.6":
  version "13.1.6"
  resolved "https://registry.yarnpkg.com/@next/swc-linux-x64-gnu/-/swc-linux-x64-gnu-13.1.6.tgz#9513d36d540bbfea575576746736054c31aacdea"
  integrity sha512-GT5w2mruk90V/I5g6ScuueE7fqj/d8Bui2qxdw6lFxmuTgMeol5rnzAv4uAoVQgClOUO/MULilzlODg9Ib3Y4Q==

"@next/swc-linux-x64-musl@13.1.6":
  version "13.1.6"
  resolved "https://registry.yarnpkg.com/@next/swc-linux-x64-musl/-/swc-linux-x64-musl-13.1.6.tgz#d61fc6884899f5957251f4ce3f522e34a2c479b7"
  integrity sha512-keFD6KvwOPzmat4TCnlnuxJCQepPN+8j3Nw876FtULxo8005Y9Ghcl7ACcR8GoiKoddAq8gxNBrpjoxjQRHeAQ==

"@next/swc-win32-arm64-msvc@13.1.6":
  version "13.1.6"
  resolved "https://registry.yarnpkg.com/@next/swc-win32-arm64-msvc/-/swc-win32-arm64-msvc-13.1.6.tgz#fac2077a8ae9768e31444c9ae90807e64117cda7"
  integrity sha512-OwertslIiGQluFvHyRDzBCIB07qJjqabAmINlXUYt7/sY7Q7QPE8xVi5beBxX/rxTGPIbtyIe3faBE6Z2KywhQ==

"@next/swc-win32-ia32-msvc@13.1.6":
  version "13.1.6"
  resolved "https://registry.yarnpkg.com/@next/swc-win32-ia32-msvc/-/swc-win32-ia32-msvc-13.1.6.tgz#498bc11c91b4c482a625bf4b978f98ae91111e46"
  integrity sha512-g8zowiuP8FxUR9zslPmlju7qYbs2XBtTLVSxVikPtUDQedhcls39uKYLvOOd1JZg0ehyhopobRoH1q+MHlIN/w==

"@next/swc-win32-x64-msvc@13.1.6":
  version "13.1.6"
  resolved "https://registry.yarnpkg.com/@next/swc-win32-x64-msvc/-/swc-win32-x64-msvc-13.1.6.tgz#17ed919c723426b7d0ce1cd73d40ce3dcd342089"
  integrity sha512-Ls2OL9hi3YlJKGNdKv8k3X/lLgc3VmLG3a/DeTkAd+lAituJp8ZHmRmm9f9SL84fT3CotlzcgbdaCDfFwFA6bA==

"@swc/helpers@0.4.14":
  version "0.4.14"
  resolved "https://registry.npmjs.org/@swc/helpers/-/helpers-0.4.14.tgz"
  integrity sha512-4C7nX/dvpzB7za4Ql9K81xK3HPxCpHMgwTZVyf+9JQ6VUbn9jjZVN7/Nkdz/Ugzs2CSjqnL/UPXroiVBVHUWUw==
  dependencies:
    tslib "^2.4.0"

"@types/nprogress@^0.2.0":
  version "0.2.0"
  resolved "https://registry.yarnpkg.com/@types/nprogress/-/nprogress-0.2.0.tgz#86c593682d4199212a0509cc3c4d562bbbd6e45f"
  integrity sha512-1cYJrqq9GezNFPsWTZpFut/d4CjpZqA0vhqDUPFWYKF1oIyBz5qnoYMzR+0C/T96t3ebLAC1SSnwrVOm5/j74A==

anymatch@~3.1.2:
  version "3.1.3"
  resolved "https://registry.npmjs.org/anymatch/-/anymatch-3.1.3.tgz"
  integrity sha512-KMReFUr0B4t+D+OBkjR3KYqvocp2XaSzO55UcB6mgQMd3KbcE+mWTyvVV7D/zsdEbNnV6acZUutkiHQXvTr1Rw==
  dependencies:
    normalize-path "^3.0.0"
    picomatch "^2.0.4"

binary-extensions@^2.0.0:
  version "2.2.0"
  resolved "https://registry.npmjs.org/binary-extensions/-/binary-extensions-2.2.0.tgz"
  integrity sha512-jDctJ/IVQbZoJykoeHbhXpOlNBqGNcwXJKJog42E5HDPUwQTSdjCHdihjj0DlnheQ7blbT6dHOafNAiS8ooQKA==

braces@~3.0.2:
  version "3.0.2"
  resolved "https://registry.npmjs.org/braces/-/braces-3.0.2.tgz"
  integrity sha512-b8um+L1RzM3WDSzvhm6gIz1yfTbBt6YTlcEKAvsmqCZZFw46z626lVj9j1yEPW33H5H+lBQpZMP1k8l+78Ha0A==
  dependencies:
    fill-range "^7.0.1"

caniuse-lite@^1.0.30001406:
  version "1.0.30001449"
  resolved "https://registry.npmjs.org/caniuse-lite/-/caniuse-lite-1.0.30001449.tgz"
  integrity sha512-CPB+UL9XMT/Av+pJxCKGhdx+yg1hzplvFJQlJ2n68PyQGMz9L/E2zCyLdOL8uasbouTUgnPl+y0tccI/se+BEw==

"chokidar@>=3.0.0 <4.0.0":
  version "3.5.3"
  resolved "https://registry.npmjs.org/chokidar/-/chokidar-3.5.3.tgz"
  integrity sha512-Dr3sfKRP6oTcjf2JmUmFJfeVMvXBdegxB0iVQ5eb2V10uFJUCAS8OByZdVAyVb8xXNz3GjjTgj9kLWsZTqE6kw==
  dependencies:
    anymatch "~3.1.2"
    braces "~3.0.2"
    glob-parent "~5.1.2"
    is-binary-path "~2.1.0"
    is-glob "~4.0.1"
    normalize-path "~3.0.0"
    readdirp "~3.6.0"
  optionalDependencies:
    fsevents "~2.3.2"

client-only@0.0.1:
  version "0.0.1"
  resolved "https://registry.npmjs.org/client-only/-/client-only-0.0.1.tgz"
  integrity sha512-IV3Ou0jSMzZrd3pZ48nLkT9DA7Ag1pnPzaiQhpW7c3RbcqqzvzzVu+L8gfqMp/8IM2MQtSiqaCxrrcfu8I8rMA==

fill-range@^7.0.1:
  version "7.0.1"
  resolved "https://registry.npmjs.org/fill-range/-/fill-range-7.0.1.tgz"
  integrity sha512-qOo9F+dMUmC2Lcb4BbVvnKJxTPjCm+RRpe4gDuGrzkL7mEVl/djYSu2OdQ2Pa302N4oqkSg9ir6jaLWJ2USVpQ==
  dependencies:
    to-regex-range "^5.0.1"

fsevents@~2.3.2:
  version "2.3.2"
  resolved "https://registry.npmjs.org/fsevents/-/fsevents-2.3.2.tgz"
  integrity sha512-xiqMQR4xAeHTuB9uWm+fFRcIOgKBMiOBP+eXiyT7jsgVCq1bkVygt00oASowB7EdtpOHaaPgKt812P9ab+DDKA==

glob-parent@~5.1.2:
  version "5.1.2"
  resolved "https://registry.npmjs.org/glob-parent/-/glob-parent-5.1.2.tgz"
  integrity sha512-AOIgSQCepiJYwP3ARnGx+5VnTu2HBYdzbGP45eLw1vr3zB3vZLeyed1sC9hnbcOc9/SrMyM5RPQrkGz4aS9Zow==
  dependencies:
    is-glob "^4.0.1"

immutable@^4.0.0:
  version "4.2.2"
  resolved "https://registry.npmjs.org/immutable/-/immutable-4.2.2.tgz"
  integrity sha512-fTMKDwtbvO5tldky9QZ2fMX7slR0mYpY5nbnFWYp0fOzDhHqhgIw9KoYgxLWsoNTS9ZHGauHj18DTyEw6BK3Og==

is-binary-path@~2.1.0:
  version "2.1.0"
  resolved "https://registry.npmjs.org/is-binary-path/-/is-binary-path-2.1.0.tgz"
  integrity sha512-ZMERYes6pDydyuGidse7OsHxtbI7WVeUEozgR/g7rd0xUimYNlvZRE/K2MgZTjWy725IfelLeVcEM97mmtRGXw==
  dependencies:
    binary-extensions "^2.0.0"

is-extglob@^2.1.1:
  version "2.1.1"
  resolved "https://registry.npmjs.org/is-extglob/-/is-extglob-2.1.1.tgz"
  integrity sha512-SbKbANkN603Vi4jEZv49LeVJMn4yGwsbzZworEoyEiutsN3nJYdbO36zfhGJ6QEDpOZIFkDtnq5JRxmvl3jsoQ==

is-glob@^4.0.1, is-glob@~4.0.1:
  version "4.0.3"
  resolved "https://registry.npmjs.org/is-glob/-/is-glob-4.0.3.tgz"
  integrity sha512-xelSayHH36ZgE7ZWhli7pW34hNbNl8Ojv5KVmkJD4hBdD3th8Tfk9vYasLM+mXWOZhFkgZfxhLSnrwRr4elSSg==
  dependencies:
    is-extglob "^2.1.1"

is-number@^7.0.0:
  version "7.0.0"
  resolved "https://registry.npmjs.org/is-number/-/is-number-7.0.0.tgz"
  integrity sha512-41Cifkg6e8TylSpdtTpeLVMqvSBEVzTttHvERD741+pnZ8ANv0004MRL43QKPDlK9cGvNp6NZWZUBlbGXYxxng==

"js-tokens@^3.0.0 || ^4.0.0":
  version "4.0.0"
  resolved "https://registry.npmjs.org/js-tokens/-/js-tokens-4.0.0.tgz"
  integrity sha512-RdJUflcE3cUzKiMqQgsCu06FPu9UdIJO0beYbPhHN4k6apgJtifcoCtT9bcxOpYBtpD2kCM6Sbzg4CausW/PKQ==

lodash@^4.17.21:
  version "4.17.21"
  resolved "https://registry.yarnpkg.com/lodash/-/lodash-4.17.21.tgz#679591c564c3bffaae8454cf0b3df370c3d6911c"
  integrity sha512-v2kDEe57lecTulaDIuNTPy3Ry4gLGJ6Z1O3vE1krgXZNrsQ+LFTGHVxVjcXPs17LhbZVGedAJv8XZ1tvj5FvSg==

loose-envify@^1.1.0, loose-envify@^1.4.0:
  version "1.4.0"
  resolved "https://registry.npmjs.org/loose-envify/-/loose-envify-1.4.0.tgz"
  integrity sha512-lyuxPGr/Wfhrlem2CL/UcnUc1zcqKAImBDzukY7Y5F/yQiNdko6+fRLevlw1HgMySw7f611UIY408EtxRSoK3Q==
  dependencies:
    js-tokens "^3.0.0 || ^4.0.0"

nanoid@^3.3.4:
  version "3.3.4"
  resolved "https://registry.npmjs.org/nanoid/-/nanoid-3.3.4.tgz"
  integrity sha512-MqBkQh/OHTS2egovRtLk45wEyNXwF+cokD+1YPf9u5VfJiRdAiRwB2froX5Co9Rh20xs4siNPm8naNotSD6RBw==

next-seo@^5.15.0:
  version "5.15.0"
  resolved "https://registry.yarnpkg.com/next-seo/-/next-seo-5.15.0.tgz#b1a90508599774982909ea44803323c6fb7b50f4"
  integrity sha512-LGbcY91yDKGMb7YI+28n3g+RuChUkt6pXNpa8FkfKkEmNiJkeRDEXTnnjVtwT9FmMhG6NH8qwHTelGrlYm9rgg==

next@13.1.6:
  version "13.1.6"
  resolved "https://registry.npmjs.org/next/-/next-13.1.6.tgz"
  integrity sha512-hHlbhKPj9pW+Cymvfzc15lvhaOZ54l+8sXDXJWm3OBNBzgrVj6hwGPmqqsXg40xO1Leq+kXpllzRPuncpC0Phw==
  dependencies:
    "@next/env" "13.1.6"
    "@swc/helpers" "0.4.14"
    caniuse-lite "^1.0.30001406"
    postcss "8.4.14"
    styled-jsx "5.1.1"
  optionalDependencies:
    "@next/swc-android-arm-eabi" "13.1.6"
    "@next/swc-android-arm64" "13.1.6"
    "@next/swc-darwin-arm64" "13.1.6"
    "@next/swc-darwin-x64" "13.1.6"
    "@next/swc-freebsd-x64" "13.1.6"
    "@next/swc-linux-arm-gnueabihf" "13.1.6"
    "@next/swc-linux-arm64-gnu" "13.1.6"
    "@next/swc-linux-arm64-musl" "13.1.6"
    "@next/swc-linux-x64-gnu" "13.1.6"
    "@next/swc-linux-x64-musl" "13.1.6"
    "@next/swc-win32-arm64-msvc" "13.1.6"
    "@next/swc-win32-ia32-msvc" "13.1.6"
    "@next/swc-win32-x64-msvc" "13.1.6"

nextjs-progressbar@^0.0.16:
  version "0.0.16"
  resolved "https://registry.yarnpkg.com/nextjs-progressbar/-/nextjs-progressbar-0.0.16.tgz#d2c1e54ffc2c6d52b64282c0d764a44241fbc36e"
  integrity sha512-GV0fD38EMD3vSDCmkq+tObmoup6QA91a6a9MxGuhJZuRk/9TNsrHGnIQQQ/sggkMkXuT4fBgF6jRjFwScDT3zA==
  dependencies:
    "@types/nprogress" "^0.2.0"
    nprogress "^0.2.0"
    prop-types "^15.8.1"

normalize-path@^3.0.0, normalize-path@~3.0.0:
  version "3.0.0"
  resolved "https://registry.npmjs.org/normalize-path/-/normalize-path-3.0.0.tgz"
  integrity sha512-6eZs5Ls3WtCisHWp9S2GUy8dqkpGi4BVSz3GaqiE6ezub0512ESztXUwUB6C6IKbQkY2Pnb/mD4WYojCRwcwLA==

nprogress@^0.2.0:
  version "0.2.0"
  resolved "https://registry.yarnpkg.com/nprogress/-/nprogress-0.2.0.tgz#cb8f34c53213d895723fcbab907e9422adbcafb1"
  integrity sha512-I19aIingLgR1fmhftnbWWO3dXc0hSxqHQHQb3H8m+K3TnEn/iSeTZZOyvKXWqQESMwuUVnatlCnZdLBZZt2VSA==

object-assign@^4.1.1:
  version "4.1.1"
  resolved "https://registry.yarnpkg.com/object-assign/-/object-assign-4.1.1.tgz#2109adc7965887cfc05cbbd442cac8bfbb360863"
  integrity sha512-rJgTQnkUnH1sFw8yT6VSU3zD3sWmu6sZhIseY8VX+GRu3P6F7Fu+JNDoXfklElbLJSnc3FUQHVe4cU5hj+BcUg==

picocolors@^1.0.0:
  version "1.0.0"
  resolved "https://registry.npmjs.org/picocolors/-/picocolors-1.0.0.tgz"
  integrity sha512-1fygroTLlHu66zi26VoTDv8yRgm0Fccecssto+MhsZ0D/DGW2sm8E8AjW7NU5VVTRt5GxbeZ5qBuJr+HyLYkjQ==

picomatch@^2.0.4, picomatch@^2.2.1:
  version "2.3.1"
  resolved "https://registry.npmjs.org/picomatch/-/picomatch-2.3.1.tgz"
  integrity sha512-JU3teHTNjmE2VCGFzuY8EXzCDVwEqB2a8fsIvwaStHhAWJEeVd1o1QD80CU6+ZdEXXSLbSsuLwJjkCBWqRQUVA==

postcss@8.4.14:
  version "8.4.14"
  resolved "https://registry.npmjs.org/postcss/-/postcss-8.4.14.tgz"
  integrity sha512-E398TUmfAYFPBSdzgeieK2Y1+1cpdxJx8yXbK/m57nRhKSmk1GB2tO4lbLBtlkfPQTDKfe4Xqv1ASWPpayPEig==
  dependencies:
    nanoid "^3.3.4"
    picocolors "^1.0.0"
    source-map-js "^1.0.2"

prop-types@^15.8.1:
  version "15.8.1"
  resolved "https://registry.yarnpkg.com/prop-types/-/prop-types-15.8.1.tgz#67d87bf1a694f48435cf332c24af10214a3140b5"
  integrity sha512-oj87CgZICdulUohogVAR7AjlC0327U4el4L6eAvOqCeudMDVU0NThNaV+b9Df4dXgSP1gXMTnPdhfe/2qDH5cg==
  dependencies:
    loose-envify "^1.4.0"
    object-assign "^4.1.1"
    react-is "^16.13.1"

react-dom@18.2.0:
  version "18.2.0"
  resolved "https://registry.npmjs.org/react-dom/-/react-dom-18.2.0.tgz"
  integrity sha512-6IMTriUmvsjHUjNtEDudZfuDQUoWXVxKHhlEGSk81n4YFS+r/Kl99wXiwlVXtPBtJenozv2P+hxDsw9eA7Xo6g==
  dependencies:
    loose-envify "^1.1.0"
    scheduler "^0.23.0"

react-is@^16.13.1:
  version "16.13.1"
  resolved "https://registry.yarnpkg.com/react-is/-/react-is-16.13.1.tgz#789729a4dc36de2999dc156dd6c1d9c18cea56a4"
  integrity sha512-24e6ynE2H+OKt4kqsOvNd8kBpV65zoxbA4BVsEOB3ARVWQki/DHzaUoC5KuON/BiccDaCCTZBuOcfZs70kR8bQ==

react@18.2.0:
  version "18.2.0"
  resolved "https://registry.npmjs.org/react/-/react-18.2.0.tgz"
  integrity sha512-/3IjMdb2L9QbBdWiW5e3P2/npwMBaU9mHCSCUzNln0ZCYbcfTsGbTJrU/kGemdH2IWmB2ioZ+zkxtmq6g09fGQ==
  dependencies:
    loose-envify "^1.1.0"

readdirp@~3.6.0:
  version "3.6.0"
  resolved "https://registry.npmjs.org/readdirp/-/readdirp-3.6.0.tgz"
  integrity sha512-hOS089on8RduqdbhvQ5Z37A0ESjsqz6qnRcffsMU3495FuTdqSm+7bhJ29JvIOsBDEEnan5DPu9t3To9VRlMzA==
  dependencies:
    picomatch "^2.2.1"

sass@^1.57.1:
  version "1.57.1"
  resolved "https://registry.npmjs.org/sass/-/sass-1.57.1.tgz"
  integrity sha512-O2+LwLS79op7GI0xZ8fqzF7X2m/m8WFfI02dHOdsK5R2ECeS5F62zrwg/relM1rjSLy7Vd/DiMNIvPrQGsA0jw==
  dependencies:
    chokidar ">=3.0.0 <4.0.0"
    immutable "^4.0.0"
    source-map-js ">=0.6.2 <2.0.0"

scheduler@^0.23.0:
  version "0.23.0"
  resolved "https://registry.npmjs.org/scheduler/-/scheduler-0.23.0.tgz"
  integrity sha512-CtuThmgHNg7zIZWAXi3AsyIzA3n4xx7aNyjwC2VJldO2LMVDhFK+63xGqq6CsJH4rTAt6/M+N4GhZiDYPx9eUw==
  dependencies:
    loose-envify "^1.1.0"

"source-map-js@>=0.6.2 <2.0.0", source-map-js@^1.0.2:
  version "1.0.2"
  resolved "https://registry.npmjs.org/source-map-js/-/source-map-js-1.0.2.tgz"
  integrity sha512-R0XvVJ9WusLiqTCEiGCmICCMplcCkIwwR11mOSD9CR5u+IXYdiseeEuXCVAjS54zqwkLcPNnmU4OeJ6tUrWhDw==

styled-jsx@5.1.1:
  version "5.1.1"
  resolved "https://registry.npmjs.org/styled-jsx/-/styled-jsx-5.1.1.tgz"
  integrity sha512-pW7uC1l4mBZ8ugbiZrcIsiIvVx1UmTfw7UkC3Um2tmfUq9Bhk8IiyEIPl6F8agHgjzku6j0xQEZbfA5uSgSaCw==
  dependencies:
    client-only "0.0.1"

to-regex-range@^5.0.1:
  version "5.0.1"
  resolved "https://registry.npmjs.org/to-regex-range/-/to-regex-range-5.0.1.tgz"
  integrity sha512-65P7iz6X5yEr1cwcgvQxbbIw7Uk3gOy5dIdtZ4rDveLqhrdJP+Li/Hx6tyK0NEb+2GCyneCMJiGqrADCSNk8sQ==
  dependencies:
    is-number "^7.0.0"

tslib@^2.4.0:
  version "2.5.0"
  resolved "https://registry.npmjs.org/tslib/-/tslib-2.5.0.tgz"
  integrity sha512-336iVw3rtn2BUK7ORdIAHTyxHGRIHVReokCR3XjbckJMK7ms8FysBfhLR8IXnAgy7T0PTPNBWKiH514FOW/WSg==
